
Microsoft Visual Studio Solution File, Format Version 12.00
# Visual Studio 2012
Project("{FAE04EC0-301F-11D3-BF4B-00C04F79EFBC}") = "JsonToCsv", "JsonToCsv\JsonToCsv.csproj", "{DC48C6ED-EC46-46C6-859C-116C2F98C342}"
EndProject
Project("{FAE04EC0-301F-11D3-BF4B-00C04F79EFBC}") = "I18nJsonParser.UnitTests", "JsonToCsv.UnitTests\I18nJsonParser.UnitTests.csproj", "{97BA801E-3391-4E54-AA3E-B2935B0DE2A2}"
EndProject
Global
	GlobalSection(SolutionConfigurationPlatforms) = preSolution
		Debug|Any CPU = Debug|Any CPU
		Release|Any CPU = Release|Any CPU
	EndGlobalSection
	GlobalSection(ProjectConfigurationPlatforms) = postSolution
		{DC48C6ED-EC46-46C6-859C-116C2F98C342}.Debug|Any CPU.ActiveCfg = Debug|Any CPU
		{DC48C6ED-EC46-46C6-859C-116C2F98C342}.Debug|Any CPU.Build.0 = Debug|Any CPU
		{DC48C6ED-EC46-46C6-859C-116C2F98C342}.Release|Any CPU.ActiveCfg = Release|Any CPU
		{DC48C6ED-EC46-46C6-859C-116C2F98C342}.Release|Any CPU.Build.0 = Release|Any CPU
		{97BA801E-3391-4E54-AA3E-B2935B0DE2A2}.Debug|Any CPU.ActiveCfg = Debug|Any CPU
		{97BA801E-3391-4E54-AA3E-B2935B0DE2A2}.Debug|Any CPU.Build.0 = Debug|Any CPU
		{97BA801E-3391-4E54-AA3E-B2935B0DE2A2}.Release|Any CPU.ActiveCfg = Release|Any CPU
		{97BA801E-3391-4E54-AA3E-B2935B0DE2A2}.Release|Any CPU.Build.0 = Release|Any CPU
	EndGlobalSection
	GlobalSection(SolutionProperties) = preSolution
		HideSolutionNode = FALSE
	EndGlobalSection
EndGlobal
